// !$*UTF8*$!
{
	archiveVersion = 1;
	classes = {
	};
	objectVersion = 77;
	objects = {

/* Begin PBXContainerItemProxy section */
		C38DD7B22D42C1FC00AE38E4 /* PBXContainerItemProxy */ = {
			isa = PBXContainerItemProxy;
			containerPortal = C38DD7972D42C1FA00AE38E4 /* Project object */;
			proxyType = 1;
			remoteGlobalIDString = C38DD79E2D42C1FA00AE38E4;
			remoteInfo = Drei;
		};
		C38DD7BC2D42C1FC00AE38E4 /* PBXContainerItemProxy */ = {
			isa = PBXContainerItemProxy;
			containerPortal = C38DD7972D42C1FA00AE38E4 /* Project object */;
			proxyType = 1;
			remoteGlobalIDString = C38DD79E2D42C1FA00AE38E4;
			remoteInfo = Drei;
		};
/* End PBXContainerItemProxy section */

/* Begin PBXFileReference section */
		C38DD79F2D42C1FA00AE38E4 /* Drei.app */ = {isa = PBXFileReference; explicitFileType = wrapper.application; includeInIndex = 0; path = Drei.app; sourceTree = BUILT_PRODUCTS_DIR; };
		C38DD7B12D42C1FC00AE38E4 /* DreiTests.xctest */ = {isa = PBXFileReference; explicitFileType = wrapper.cfbundle; includeInIndex = 0; path = DreiTests.xctest; sourceTree = BUILT_PRODUCTS_DIR; };
		C38DD7BB2D42C1FC00AE38E4 /* DreiUITests.xctest */ = {isa = PBXFileReference; explicitFileType = wrapper.cfbundle; includeInIndex = 0; path = DreiUITests.xctest; sourceTree = BUILT_PRODUCTS_DIR; };
/* End PBXFileReference section */

/* Begin PBXFileSystemSynchronizedRootGroup section */
		C38DD7A12D42C1FA00AE38E4 /* Drei */ = {
			isa = PBXFileSystemSynchronizedRootGroup;
			path = Drei;
			sourceTree = "<group>";
		};
		C38DD7B42D42C1FC00AE38E4 /* DreiTests */ = {
			isa = PBXFileSystemSynchronizedRootGroup;
			path = DreiTests;
			sourceTree = "<group>";
		};
		C38DD7BE2D42C1FC00AE38E4 /* DreiUITests */ = {
			isa = PBXFileSystemSynchronizedRootGroup;
			path = DreiUITests;
			sourceTree = "<group>";
		};
/* End PBXFileSystemSynchronizedRootGroup section */

/* Begin PBXFrameworksBuildPhase section */
		C38DD79C2D42C1FA00AE38E4 /* Frameworks */ = {
			isa = PBXFrameworksBuildPhase;
			buildActionMask = 2147483647;
			files = (
			);
			runOnlyForDeploymentPostprocessing = 0;
		};
		C38DD7AE2D42C1FC00AE38E4 /* Frameworks */ = {
			isa = PBXFrameworksBuildPhase;
			buildActionMask = 2147483647;
			files = (
			);
			runOnlyForDeploymentPostprocessing = 0;
		};
		C38DD7B82D42C1FC00AE38E4 /* Frameworks */ = {
			isa = PBXFrameworksBuildPhase;
			buildActionMask = 2147483647;
			files = (
			);
			runOnlyForDeploymentPostprocessing = 0;
		};
/* End PBXFrameworksBuildPhase section */

/* Begin PBXGroup section */
		C38DD7962D42C1FA00AE38E4 = {
			isa = PBXGroup;
			children = (
				C38DD7A12D42C1FA00AE38E4 /* Drei */,
				C38DD7B42D42C1FC00AE38E4 /* DreiTests */,
				C38DD7BE2D42C1FC00AE38E4 /* DreiUITests */,
				C38DD7A02D42C1FA00AE38E4 /* Products */,
			);
			sourceTree = "<group>";
		};
		C38DD7A02D42C1FA00AE38E4 /* Products */ = {
			isa = PBXGroup;
			children = (
				C38DD79F2D42C1FA00AE38E4 /* Drei.app */,
				C38DD7B12D42C1FC00AE38E4 /* DreiTests.xctest */,
				C38DD7BB2D42C1FC00AE38E4 /* DreiUITests.xctest */,
			);
			name = Products;
			sourceTree = "<group>";
		};
/* End PBXGroup section */

/* Begin PBXNativeTarget section */
		C38DD79E2D42C1FA00AE38E4 /* Drei */ = {
			isa = PBXNativeTarget;
			buildConfigurationList = C38DD7C52D42C1FC00AE38E4 /* Build configuration list for PBXNativeTarget "Drei" */;
			buildPhases = (
				C38DD79B2D42C1FA00AE38E4 /* Sources */,
				C38DD79C2D42C1FA00AE38E4 /* Frameworks */,
				C38DD79D2D42C1FA00AE38E4 /* Resources */,
			);
			buildRules = (
			);
			dependencies = (
			);
			fileSystemSynchronizedGroups = (
				C38DD7A12D42C1FA00AE38E4 /* Drei */,
			);
			name = Drei;
			packageProductDependencies = (
			);
			productName = Drei;
			productReference = C38DD79F2D42C1FA00AE38E4 /* Drei.app */;
			productType = "com.apple.product-type.application";
		};
		C38DD7B02D42C1FC00AE38E4 /* DreiTests */ = {
			isa = PBXNativeTarget;
			buildConfigurationList = C38DD7C82D42C1FC00AE38E4 /* Build configuration list for PBXNativeTarget "DreiTests" */;
			buildPhases = (
				C38DD7AD2D42C1FC00AE38E4 /* Sources */,
				C38DD7AE2D42C1FC00AE38E4 /* Frameworks */,
				C38DD7AF2D42C1FC00AE38E4 /* Resources */,
			);
			buildRules = (
			);
			dependencies = (
				C38DD7B32D42C1FC00AE38E4 /* PBXTargetDependency */,
			);
			fileSystemSynchronizedGroups = (
				C38DD7B42D42C1FC00AE38E4 /* DreiTests */,
			);
			name = DreiTests;
			packageProductDependencies = (
			);
			productName = DreiTests;
			productReference = C38DD7B12D42C1FC00AE38E4 /* DreiTests.xctest */;
			productType = "com.apple.product-type.bundle.unit-test";
		};
		C38DD7BA2D42C1FC00AE38E4 /* DreiUITests */ = {
			isa = PBXNativeTarget;
			buildConfigurationList = C38DD7CB2D42C1FC00AE38E4 /* Build configuration list for PBXNativeTarget "DreiUITests" */;
			buildPhases = (
				C38DD7B72D42C1FC00AE38E4 /* Sources */,
				C38DD7B82D42C1FC00AE38E4 /* Frameworks */,
				C38DD7B92D42C1FC00AE38E4 /* Resources */,
			);
			buildRules = (
			);
			dependencies = (
				C38DD7BD2D42C1FC00AE38E4 /* PBXTargetDependency */,
			);
			fileSystemSynchronizedGroups = (
				C38DD7BE2D42C1FC00AE38E4 /* DreiUITests */,
			);
			name = DreiUITests;
			packageProductDependencies = (
			);
			productName = DreiUITests;
			productReference = C38DD7BB2D42C1FC00AE38E4 /* DreiUITests.xctest */;
			productType = "com.apple.product-type.bundle.ui-testing";
		};
/* End PBXNativeTarget section */

/* Begin PBXProject section */
		C38DD7972D42C1FA00AE38E4 /* Project object */ = {
			isa = PBXProject;
			attributes = {
				BuildIndependentTargetsInParallel = 1;
				LastSwiftUpdateCheck = 1620;
				LastUpgradeCheck = 1620;
				TargetAttributes = {
					C38DD79E2D42C1FA00AE38E4 = {
						CreatedOnToolsVersion = 16.2;
					};
					C38DD7B02D42C1FC00AE38E4 = {
						CreatedOnToolsVersion = 16.2;
						TestTargetID = C38DD79E2D42C1FA00AE38E4;
					};
					C38DD7BA2D42C1FC00AE38E4 = {
						CreatedOnToolsVersion = 16.2;
						TestTargetID = C38DD79E2D42C1FA00AE38E4;
					};
				};
			};
			buildConfigurationList = C38DD79A2D42C1FA00AE38E4 /* Build configuration list for PBXProject "Drei" */;
			developmentRegion = en;
			hasScannedForEncodings = 0;
			knownRegions = (
				en,
				Base,
			);
			mainGroup = C38DD7962D42C1FA00AE38E4;
			minimizedProjectReferenceProxies = 1;
			preferredProjectObjectVersion = 77;
			productRefGroup = C38DD7A02D42C1FA00AE38E4 /* Products */;
			projectDirPath = "";
			projectRoot = "";
			targets = (
				C38DD79E2D42C1FA00AE38E4 /* Drei */,
				C38DD7B02D42C1FC00AE38E4 /* DreiTests */,
				C38DD7BA2D42C1FC00AE38E4 /* DreiUITests */,
			);
		};
/* End PBXProject section */

/* Begin PBXResourcesBuildPhase section */
		C38DD79D2D42C1FA00AE38E4 /* Resources */ = {
			isa = PBXResourcesBuildPhase;
			buildActionMask = 2147483647;
			files = (
			);
			runOnlyForDeploymentPostprocessing = 0;
		};
		C38DD7AF2D42C1FC00AE38E4 /* Resources */ = {
			isa = PBXResourcesBuildPhase;
			buildActionMask = 2147483647;
			files = (
			);
			runOnlyForDeploymentPostprocessing = 0;
		};
		C38DD7B92D42C1FC00AE38E4 /* Resources */ = {
			isa = PBXResourcesBuildPhase;
			buildActionMask = 2147483647;
			files = (
			);
			runOnlyForDeploymentPostprocessing = 0;
		};
/* End PBXResourcesBuildPhase section */

/* Begin PBXSourcesBuildPhase section */
		C38DD79B2D42C1FA00AE38E4 /* Sources */ = {
			isa = PBXSourcesBuildPhase;
			buildActionMask = 2147483647;
			files = (
			);
			runOnlyForDeploymentPostprocessing = 0;
		};
		C38DD7AD2D42C1FC00AE38E4 /* Sources */ = {
			isa = PBXSourcesBuildPhase;
			buildActionMask = 2147483647;
			files = (
			);
			runOnlyForDeploymentPostprocessing = 0;
		};
		C38DD7B72D42C1FC00AE38E4 /* Sources */ = {
			isa = PBXSourcesBuildPhase;
			buildActionMask = 2147483647;
			files = (
			);
			runOnlyForDeploymentPostprocessing = 0;
		};
/* End PBXSourcesBuildPhase section */

/* Begin PBXTargetDependency section */
		C38DD7B32D42C1FC00AE38E4 /* PBXTargetDependency */ = {
			isa = PBXTargetDependency;
			target = C38DD79E2D42C1FA00AE38E4 /* Drei */;
			targetProxy = C38DD7B22D42C1FC00AE38E4 /* PBXContainerItemProxy */;
		};
		C38DD7BD2D42C1FC00AE38E4 /* PBXTargetDependency */ = {
			isa = PBXTargetDependency;
			target = C38DD79E2D42C1FA00AE38E4 /* Drei */;
			targetProxy = C38DD7BC2D42C1FC00AE38E4 /* PBXContainerItemProxy */;
		};
/* End PBXTargetDependency section */

/* Begin XCBuildConfiguration section */
		C38DD7C32D42C1FC00AE38E4 /* Debug */ = {
			isa = XCBuildConfiguration;
			buildSettings = {
				ALWAYS_SEARCH_USER_PATHS = NO;
				ASSETCATALOG_COMPILER_GENERATE_SWIFT_ASSET_SYMBOL_EXTENSIONS = YES;
				CLANG_ANALYZER_NONNULL = YES;
				CLANG_ANALYZER_NUMBER_OBJECT_CONVERSION = YES_AGGRESSIVE;
				CLANG_CXX_LANGUAGE_STANDARD = "gnu++20";
				CLANG_ENABLE_MODULES = YES;
				CLANG_ENABLE_OBJC_ARC = YES;
				CLANG_ENABLE_OBJC_WEAK = YES;
				CLANG_WARN_BLOCK_CAPTURE_AUTORELEASING = YES;
				CLANG_WARN_BOOL_CONVERSION = YES;
				CLANG_WARN_COMMA = YES;
				CLANG_WARN_CONSTANT_CONVERSION = YES;
				CLANG_WARN_DEPRECATED_OBJC_IMPLEMENTATIONS = YES;
				CLANG_WARN_DIRECT_OBJC_ISA_USAGE = YES_ERROR;
				CLANG_WARN_DOCUMENTATION_COMMENTS = YES;
				CLANG_WARN_EMPTY_BODY = YES;
				CLANG_WARN_ENUM_CONVERSION = YES;
				CLANG_WARN_INFINITE_RECURSION = YES;
				CLANG_WARN_INT_CONVERSION = YES;
				CLANG_WARN_NON_LITERAL_NULL_CONVERSION = YES;
				CLANG_WARN_OBJC_IMPLICIT_RETAIN_SELF = YES;
				CLANG_WARN_OBJC_LITERAL_CONVERSION = YES;
				CLANG_WARN_OBJC_ROOT_CLASS = YES_ERROR;
				CLANG_WARN_QUOTED_INCLUDE_IN_FRAMEWORK_HEADER = YES;
				CLANG_WARN_RANGE_LOOP_ANALYSIS = YES;
				CLANG_WARN_STRICT_PROTOTYPES = YES;
				CLANG_WARN_SUSPICIOUS_MOVE = YES;
				CLANG_WARN_UNGUARDED_AVAILABILITY = YES_AGGRESSIVE;
				CLANG_WARN_UNREACHABLE_CODE = YES;
				CLANG_WARN__DUPLICATE_METHOD_MATCH = YES;
				COPY_PHASE_STRIP = NO;
				DEBUG_INFORMATION_FORMAT = dwarf;
				ENABLE_STRICT_OBJC_MSGSEND = YES;
				ENABLE_TESTABILITY = YES;
				ENABLE_USER_SCRIPT_SANDBOXING = YES;
				GCC_C_LANGUAGE_STANDARD = gnu17;
				GCC_DYNAMIC_NO_PIC = NO;
				GCC_NO_COMMON_BLOCKS = YES;
				GCC_OPTIMIZATION_LEVEL = 0;
				GCC_PREPROCESSOR_DEFINITIONS = (
					"DEBUG=1",
					"$(inherited)",
				);
				GCC_WARN_64_TO_32_BIT_CONVERSION = YES;
				GCC_WARN_ABOUT_RETURN_TYPE = YES_ERROR;
				GCC_WARN_UNDECLARED_SELECTOR = YES;
				GCC_WARN_UNINITIALIZED_AUTOS = YES_AGGRESSIVE;
				GCC_WARN_UNUSED_FUNCTION = YES;
				GCC_WARN_UNUSED_VARIABLE = YES;
				IPHONEOS_DEPLOYMENT_TARGET = 18.2;
				LOCALIZATION_PREFERS_STRING_CATALOGS = YES;
				MTL_ENABLE_DEBUG_INFO = INCLUDE_SOURCE;
				MTL_FAST_MATH = YES;
				ONLY_ACTIVE_ARCH = YES;
				SDKROOT = iphoneos;
				SWIFT_ACTIVE_COMPILATION_CONDITIONS = "DEBUG $(inherited)";
				SWIFT_OPTIMIZATION_LEVEL = "-Onone";
			};
			name = Debug;
		};
		C38DD7C42D42C1FC00AE38E4 /* Release */ = {
			isa = XCBuildConfiguration;
			buildSettings = {
				ALWAYS_SEARCH_USER_PATHS = NO;
				ASSETCATALOG_COMPILER_GENERATE_SWIFT_ASSET_SYMBOL_EXTENSIONS = YES;
				CLANG_ANALYZER_NONNULL = YES;
				CLANG_ANALYZER_NUMBER_OBJECT_CONVERSION = YES_AGGRESSIVE;
				CLANG_CXX_LANGUAGE_STANDARD = "gnu++20";
				CLANG_ENABLE_MODULES = YES;
				CLANG_ENABLE_OBJC_ARC = YES;
				CLANG_ENABLE_OBJC_WEAK = YES;
				CLANG_WARN_BLOCK_CAPTURE_AUTORELEASING = YES;
				CLANG_WARN_BOOL_CONVERSION = YES;
				CLANG_WARN_COMMA = YES;
				CLANG_WARN_CONSTANT_CONVERSION = YES;
				CLANG_WARN_DEPRECATED_OBJC_IMPLEMENTATIONS = YES;
				CLANG_WARN_DIRECT_OBJC_ISA_USAGE = YES_ERROR;
				CLANG_WARN_DOCUMENTATION_COMMENTS = YES;
				CLANG_WARN_EMPTY_BODY = YES;
				CLANG_WARN_ENUM_CONVERSION = YES;
				CLANG_WARN_INFINITE_RECURSION = YES;
				CLANG_WARN_INT_CONVERSION = YES;
				CLANG_WARN_NON_LITERAL_NULL_CONVERSION = YES;
				CLANG_WARN_OBJC_IMPLICIT_RETAIN_SELF = YES;
				CLANG_WARN_OBJC_LITERAL_CONVERSION = YES;
				CLANG_WARN_OBJC_ROOT_CLASS = YES_ERROR;
				CLANG_WARN_QUOTED_INCLUDE_IN_FRAMEWORK_HEADER = YES;
				CLANG_WARN_RANGE_LOOP_ANALYSIS = YES;
				CLANG_WARN_STRICT_PROTOTYPES = YES;
				CLANG_WARN_SUSPICIOUS_MOVE = YES;
				CLANG_WARN_UNGUARDED_AVAILABILITY = YES_AGGRESSIVE;
				CLANG_WARN_UNREACHABLE_CODE = YES;
				CLANG_WARN__DUPLICATE_METHOD_MATCH = YES;
				COPY_PHASE_STRIP = NO;
				DEBUG_INFORMATION_FORMAT = "dwarf-with-dsym";
				ENABLE_NS_ASSERTIONS = NO;
				ENABLE_STRICT_OBJC_MSGSEND = YES;
				ENABLE_USER_SCRIPT_SANDBOXING = YES;
				GCC_C_LANGUAGE_STANDARD = gnu17;
				GCC_NO_COMMON_BLOCKS = YES;
				GCC_WARN_64_TO_32_BIT_CONVERSION = YES;
				GCC_WARN_ABOUT_RETURN_TYPE = YES_ERROR;
				GCC_WARN_UNDECLARED_SELECTOR = YES;
				GCC_WARN_UNINITIALIZED_AUTOS = YES_AGGRESSIVE;
				GCC_WARN_UNUSED_FUNCTION = YES;
				GCC_WARN_UNUSED_VARIABLE = YES;
				IPHONEOS_DEPLOYMENT_TARGET = 18.2;
				LOCALIZATION_PREFERS_STRING_CATALOGS = YES;
				MTL_ENABLE_DEBUG_INFO = NO;
				MTL_FAST_MATH = YES;
				SDKROOT = iphoneos;
				SWIFT_COMPILATION_MODE = wholemodule;
				VALIDATE_PRODUCT = YES;
			};
			name = Release;
		};
		C38DD7C62D42C1FC00AE38E4 /* Debug */ = {
			isa = XCBuildConfiguration;
			buildSettings = {
				ASSETCATALOG_COMPILER_APPICON_NAME = AppIcon;
				ASSETCATALOG_COMPILER_GLOBAL_ACCENT_COLOR_NAME = AccentColor;
				CODE_SIGN_STYLE = Automatic;
				CURRENT_PROJECT_VERSION = 1;
				DEVELOPMENT_ASSET_PATHS = "\"Drei/Preview Content\"";
				DEVELOPMENT_TEAM = UHP6VGX8W6;
				ENABLE_PREVIEWS = YES;
				GENERATE_INFOPLIST_FILE = YES;
				INFOPLIST_KEY_UIApplicationSceneManifest_Generation = YES;
				INFOPLIST_KEY_UIApplicationSupportsIndirectInputEvents = YES;
				INFOPLIST_KEY_UILaunchScreen_Generation = YES;
				INFOPLIST_KEY_UISupportedInterfaceOrientations_iPad = "UIInterfaceOrientationPortrait UIInterfaceOrientationPortraitUpsideDown UIInterfaceOrientationLandscapeLeft UIInterfaceOrientationLandscapeRight";
				INFOPLIST_KEY_UISupportedInterfaceOrientations_iPhone = "UIInterfaceOrientationPortrait UIInterfaceOrientationLandscapeLeft UIInterfaceOrientationLandscapeRight";
				LD_RUNPATH_SEARCH_PATHS = (
					"$(inherited)",
					"@executable_path/Frameworks",
				);
				MARKETING_VERSION = 1.0;
				PRODUCT_BUNDLE_IDENTIFIER = com.tbobko.Drei;
				PRODUCT_NAME = "$(TARGET_NAME)";
				SWIFT_EMIT_LOC_STRINGS = YES;
				SWIFT_VERSION = 5.0;
				TARGETED_DEVICE_FAMILY = "1,2";
			};
			name = Debug;
		};
		C38DD7C72D42C1FC00AE38E4 /* Release */ = {
			isa = XCBuildConfiguration;
			buildSettings = {
				ASSETCATALOG_COMPILER_APPICON_NAME = AppIcon;
				ASSETCATALOG_COMPILER_GLOBAL_ACCENT_COLOR_NAME = AccentColor;
				CODE_SIGN_STYLE = Automatic;
				CURRENT_PROJECT_VERSION = 1;
				DEVELOPMENT_ASSET_PATHS = "\"Drei/Preview Content\"";
				DEVELOPMENT_TEAM = UHP6VGX8W6;
				ENABLE_PREVIEWS = YES;
				GENERATE_INFOPLIST_FILE = YES;
				INFOPLIST_KEY_UIApplicationSceneManifest_Generation = YES;
				INFOPLIST_KEY_UIApplicationSupportsIndirectInputEvents = YES;
				INFOPLIST_KEY_UILaunchScreen_Generation = YES;
				INFOPLIST_KEY_UISupportedInterfaceOrientations_iPad = "UIInterfaceOrientationPortrait UIInterfaceOrientationPortraitUpsideDown UIInterfaceOrientationLandscapeLeft UIInterfaceOrientationLandscapeRight";
				INFOPLIST_KEY_UISupportedInterfaceOrientations_iPhone = "UIInterfaceOrientationPortrait UIInterfaceOrientationLandscapeLeft UIInterfaceOrientationLandscapeRight";
				LD_RUNPATH_SEARCH_PATHS = (
					"$(inherited)",
					"@executable_path/Frameworks",
				);
				MARKETING_VERSION = 1.0;
				PRODUCT_BUNDLE_IDENTIFIER = com.tbobko.Drei;
				PRODUCT_NAME = "$(TARGET_NAME)";
				SWIFT_EMIT_LOC_STRINGS = YES;
				SWIFT_VERSION = 5.0;
				TARGETED_DEVICE_FAMILY = "1,2";
			};
			name = Release;
		};
		C38DD7C92D42C1FC00AE38E4 /* Debug */ = {
			isa = XCBuildConfiguration;
			buildSettings = {
				BUNDLE_LOADER = "$(TEST_HOST)";
				CODE_SIGN_STYLE = Automatic;
				CURRENT_PROJECT_VERSION = 1;
				DEVELOPMENT_TEAM = UHP6VGX8W6;
				GENERATE_INFOPLIST_FILE = YES;
				IPHONEOS_DEPLOYMENT_TARGET = 18.2;
				MARKETING_VERSION = 1.0;
				PRODUCT_BUNDLE_IDENTIFIER = com.tbobko.DreiTests;
				PRODUCT_NAME = "$(TARGET_NAME)";
				SWIFT_EMIT_LOC_STRINGS = NO;
				SWIFT_VERSION = 5.0;
				TARGETED_DEVICE_FAMILY = "1,2";
				TEST_HOST = "$(BUILT_PRODUCTS_DIR)/Drei.app/$(BUNDLE_EXECUTABLE_FOLDER_PATH)/Drei";
			};
			name = Debug;
		};
		C38DD7CA2D42C1FC00AE38E4 /* Release */ = {
			isa = XCBuildConfiguration;
			buildSettings = {
				BUNDLE_LOADER = "$(TEST_HOST)";
				CODE_SIGN_STYLE = Automatic;
				CURRENT_PROJECT_VERSION = 1;
				DEVELOPMENT_TEAM = UHP6VGX8W6;
				GENERATE_INFOPLIST_FILE = YES;
				IPHONEOS_DEPLOYMENT_TARGET = 18.2;
				MARKETING_VERSION = 1.0;
				PRODUCT_BUNDLE_IDENTIFIER = com.tbobko.DreiTests;
				PRODUCT_NAME = "$(TARGET_NAME)";
				SWIFT_EMIT_LOC_STRINGS = NO;
				SWIFT_VERSION = 5.0;
				TARGETED_DEVICE_FAMILY = "1,2";
				TEST_HOST = "$(BUILT_PRODUCTS_DIR)/Drei.app/$(BUNDLE_EXECUTABLE_FOLDER_PATH)/Drei";
			};
			name = Release;
		};
		C38DD7CC2D42C1FC00AE38E4 /* Debug */ = {
			isa = XCBuildConfiguration;
			buildSettings = {
				CODE_SIGN_STYLE = Automatic;
				CURRENT_PROJECT_VERSION = 1;
				DEVELOPMENT_TEAM = UHP6VGX8W6;
				GENERATE_INFOPLIST_FILE = YES;
				MARKETING_VERSION = 1.0;
				PRODUCT_BUNDLE_IDENTIFIER = com.tbobko.DreiUITests;
				PRODUCT_NAME = "$(TARGET_NAME)";
				SWIFT_EMIT_LOC_STRINGS = NO;
				SWIFT_VERSION = 5.0;
				TARGETED_DEVICE_FAMILY = "1,2";
				TEST_TARGET_NAME = Drei;
			};
			name = Debug;
		};
		C38DD7CD2D42C1FC00AE38E4 /* Release */ = {
			isa = XCBuildConfiguration;
			buildSettings = {
				CODE_SIGN_STYLE = Automatic;
				CURRENT_PROJECT_VERSION = 1;
				DEVELOPMENT_TEAM = UHP6VGX8W6;
				GENERATE_INFOPLIST_FILE = YES;
				MARKETING_VERSION = 1.0;
				PRODUCT_BUNDLE_IDENTIFIER = com.tbobko.DreiUITests;
				PRODUCT_NAME = "$(TARGET_NAME)";
				SWIFT_EMIT_LOC_STRINGS = NO;
				SWIFT_VERSION = 5.0;
				TARGETED_DEVICE_FAMILY = "1,2";
				TEST_TARGET_NAME = Drei;
			};
			name = Release;
		};
/* End XCBuildConfiguration section */

/* Begin XCConfigurationList section */
		C38DD79A2D42C1FA00AE38E4 /* Build configuration list for PBXProject "Drei" */ = {
			isa = XCConfigurationList;
			buildConfigurations = (
				C38DD7C32D42C1FC00AE38E4 /* Debug */,
				C38DD7C42D42C1FC00AE38E4 /* Release */,
			);
			defaultConfigurationIsVisible = 0;
			defaultConfigurationName = Release;
		};
		C38DD7C52D42C1FC00AE38E4 /* Build configuration list for PBXNativeTarget "Drei" */ = {
			isa = XCConfigurationList;
			buildConfigurations = (
				C38DD7C62D42C1FC00AE38E4 /* Debug */,
				C38DD7C72D42C1FC00AE38E4 /* Release */,
			);
			defaultConfigurationIsVisible = 0;
			defaultConfigurationName = Release;
		};
		C38DD7C82D42C1FC00AE38E4 /* Build configuration list for PBXNativeTarget "DreiTests" */ = {
			isa = XCConfigurationList;
			buildConfigurations = (
				C38DD7C92D42C1FC00AE38E4 /* Debug */,
				C38DD7CA2D42C1FC00AE38E4 /* Release */,
			);
			defaultConfigurationIsVisible = 0;
			defaultConfigurationName = Release;
		};
		C38DD7CB2D42C1FC00AE38E4 /* Build configuration list for PBXNativeTarget "DreiUITests" */ = {
			isa = XCConfigurationList;
			buildConfigurations = (
				C38DD7CC2D42C1FC00AE38E4 /* Debug */,
				C38DD7CD2D42C1FC00AE38E4 /* Release */,
			);
			defaultConfigurationIsVisible = 0;
			defaultConfigurationName = Release;
		};
/* End XCConfigurationList section */
	};
	rootObject = C38DD7972D42C1FA00AE38E4 /* Project object */;
}
